
Microsoft Visual Studio Solution File, Format Version 12.00
# Visual Studio Version 16
VisualStudioVersion = 16.0.29709.97
MinimumVisualStudioVersion = 10.0.40219.1
Project("{FAE04EC0-301F-11D3-BF4B-00C04F79EFBC}") = "Delegates", "Delegates\Delegates.csproj", "{09A1D7DD-6237-46BA-8AD7-F7B9CCB73177}"
EndProject
Global
	GlobalSection(SolutionConfigurationPlatforms) = preSolution
		Debug|Any CPU = Debug|Any CPU
		Release|Any CPU = Release|Any CPU
	EndGlobalSection
	GlobalSection(ProjectConfigurationPlatforms) = postSolution
		{09A1D7DD-6237-46BA-8AD7-F7B9CCB73177}.Debug|Any CPU.ActiveCfg = Debug|Any CPU
		{09A1D7DD-6237-46BA-8AD7-F7B9CCB73177}.Debug|Any CPU.Build.0 = Debug|Any CPU
		{09A1D7DD-6237-46BA-8AD7-F7B9CCB73177}.Release|Any CPU.ActiveCfg = Release|Any CPU
		{09A1D7DD-6237-46BA-8AD7-F7B9CCB73177}.Release|Any CPU.Build.0 = Release|Any CPU
	EndGlobalSection
	GlobalSection(SolutionProperties) = preSolution
		HideSolutionNode = FALSE
	EndGlobalSection
	GlobalSection(ExtensibilityGlobals) = postSolution
		SolutionGuid = {D4B2CF08-98FA-4E5D-BD4F-EA3C8B4CE614}
	EndGlobalSection
EndGlobal
